// !$*UTF8*$!
{
	archiveVersion = 1;
	classes = {
	};
	objectVersion = 46;
	objects = {

/* Begin PBXBuildFile section */
		2995EC951AD8D1CD00D617A9 /* main.m in Sources */ = {isa = PBXBuildFile; fileRef = 2995EC941AD8D1CD00D617A9 /* main.m */; };
		2995EC981AD8D1CD00D617A9 /* AppDelegate.m in Sources */ = {isa = PBXBuildFile; fileRef = 2995EC971AD8D1CD00D617A9 /* AppDelegate.m */; };
		2995EC9B1AD8D1CD00D617A9 /* GameScene.m in Sources */ = {isa = PBXBuildFile; fileRef = 2995EC9A1AD8D1CD00D617A9 /* GameScene.m */; };
		2995EC9D1AD8D1CD00D617A9 /* GameScene.sks in Resources */ = {isa = PBXBuildFile; fileRef = 2995EC9C1AD8D1CD00D617A9 /* GameScene.sks */; };
		2995ECA01AD8D1CD00D617A9 /* GameViewController.m in Sources */ = {isa = PBXBuildFile; fileRef = 2995EC9F1AD8D1CD00D617A9 /* GameViewController.m */; };
		2995ECA31AD8D1CD00D617A9 /* Main.storyboard in Resources */ = {isa = PBXBuildFile; fileRef = 2995ECA11AD8D1CD00D617A9 /* Main.storyboard */; };
		2995ECA51AD8D1CD00D617A9 /* Images.xcassets in Resources */ = {isa = PBXBuildFile; fileRef = 2995ECA41AD8D1CD00D617A9 /* Images.xcassets */; };
		2995ECA81AD8D1CD00D617A9 /* LaunchScreen.xib in Resources */ = {isa = PBXBuildFile; fileRef = 2995ECA61AD8D1CD00D617A9 /* LaunchScreen.xib */; };
		2995ECB41AD8D1CD00D617A9 /* gameTests.m in Sources */ = {isa = PBXBuildFile; fileRef = 2995ECB31AD8D1CD00D617A9 /* gameTests.m */; };
		2995ECC11AD8D6FB00D617A9 /* Player.m in Sources */ = {isa = PBXBuildFile; fileRef = 2995ECC01AD8D6FB00D617A9 /* Player.m */; };
		2995ECC41AD8D74900D617A9 /* Food.m in Sources */ = {isa = PBXBuildFile; fileRef = 2995ECC31AD8D74900D617A9 /* Food.m */; };
		2995ECCA1AD8E1F900D617A9 /* Belt.m in Sources */ = {isa = PBXBuildFile; fileRef = 2995ECC91AD8E1F900D617A9 /* Belt.m */; };
		29D482871AD90CB00016372B /* human open.png in Resources */ = {isa = PBXBuildFile; fileRef = 29D482861AD90CB00016372B /* human open.png */; };
		29D482891AD90F6E0016372B /* human open2.png in Resources */ = {isa = PBXBuildFile; fileRef = 29D482881AD90F6E0016372B /* human open2.png */; };
		29D4828D1AD932570016372B /* robot closed2.png in Resources */ = {isa = PBXBuildFile; fileRef = 29D4828A1AD932570016372B /* robot closed2.png */; };
		29D4828E1AD932570016372B /* tentacle closed2.png in Resources */ = {isa = PBXBuildFile; fileRef = 29D4828B1AD932570016372B /* tentacle closed2.png */; };
		29D4828F1AD932570016372B /* tentacle open2.png in Resources */ = {isa = PBXBuildFile; fileRef = 29D4828C1AD932570016372B /* tentacle open2.png */; };
		48F1DFE91AD91AA600E9D783 /* bomb.png in Resources */ = {isa = PBXBuildFile; fileRef = 48F1DFE01AD91AA600E9D783 /* bomb.png */; };
		48F1DFEA1AD91AA600E9D783 /* cake.png in Resources */ = {isa = PBXBuildFile; fileRef = 48F1DFE11AD91AA600E9D783 /* cake.png */; };
		48F1DFEB1AD91AA600E9D783 /* chips.png in Resources */ = {isa = PBXBuildFile; fileRef = 48F1DFE21AD91AA600E9D783 /* chips.png */; };
		48F1DFEC1AD91AA600E9D783 /* eat button.png in Resources */ = {isa = PBXBuildFile; fileRef = 48F1DFE31AD91AA600E9D783 /* eat button.png */; };
		48F1DFED1AD91AA600E9D783 /* hot sauce.png in Resources */ = {isa = PBXBuildFile; fileRef = 48F1DFE41AD91AA600E9D783 /* hot sauce.png */; };
		48F1DFEE1AD91AA600E9D783 /* jalapeno.png in Resources */ = {isa = PBXBuildFile; fileRef = 48F1DFE51AD91AA600E9D783 /* jalapeno.png */; };
		48F1DFEF1AD91AA600E9D783 /* robot closed.png in Resources */ = {isa = PBXBuildFile; fileRef = 48F1DFE61AD91AA600E9D783 /* robot closed.png */; };
		48F1DFF01AD91AA600E9D783 /* tentacle closed.png in Resources */ = {isa = PBXBuildFile; fileRef = 48F1DFE71AD91AA600E9D783 /* tentacle closed.png */; };
		48F1DFF11AD91AA600E9D783 /* tentacle open.png in Resources */ = {isa = PBXBuildFile; fileRef = 48F1DFE81AD91AA600E9D783 /* tentacle open.png */; };
		48F1DFF41AD91DA500E9D783 /* swap 2 blue.png in Resources */ = {isa = PBXBuildFile; fileRef = 48F1DFF21AD91DA500E9D783 /* swap 2 blue.png */; };
		48F1DFF51AD91DA500E9D783 /* swap button.png in Resources */ = {isa = PBXBuildFile; fileRef = 48F1DFF31AD91DA500E9D783 /* swap button.png */; };
		48F1DFF71AD91E0200E9D783 /* eat button 2.png in Resources */ = {isa = PBXBuildFile; fileRef = 48F1DFF61AD91E0200E9D783 /* eat button 2.png */; };
		48F1DFFD1AD948FB00E9D783 /* octoSlurp.mp3 in Resources */ = {isa = PBXBuildFile; fileRef = 48F1DFFC1AD948FB00E9D783 /* octoSlurp.mp3 */; };
		48F1DFFF1AD9491900E9D783 /* background 1.png in Resources */ = {isa = PBXBuildFile; fileRef = 48F1DFFE1AD9491900E9D783 /* background 1.png */; };
		48F1E0021AD94DDC00E9D783 /* robot open.png in Resources */ = {isa = PBXBuildFile; fileRef = 48F1E0001AD94DDC00E9D783 /* robot open.png */; };
		48F1E0031AD94DDC00E9D783 /* robot open2.png in Resources */ = {isa = PBXBuildFile; fileRef = 48F1E0011AD94DDC00E9D783 /* robot open2.png */; };
		48F1E0061AD94EBE00E9D783 /* human closed.png in Resources */ = {isa = PBXBuildFile; fileRef = 48F1E0041AD94EBE00E9D783 /* human closed.png */; };
		48F1E0071AD94EBE00E9D783 /* human closed2.png in Resources */ = {isa = PBXBuildFile; fileRef = 48F1E0051AD94EBE00E9D783 /* human closed2.png */; };
		48F1E0091AD9532C00E9D783 /* roboCrunch.mp3 in Resources */ = {isa = PBXBuildFile; fileRef = 48F1E0081AD9532C00E9D783 /* roboCrunch.mp3 */; };
		48F1E00B1AD9547100E9D783 /* BGM.mp3 in Resources */ = {isa = PBXBuildFile; fileRef = 48F1E00A1AD9547100E9D783 /* BGM.mp3 */; };
/* End PBXBuildFile section */

/* Begin PBXContainerItemProxy section */
		2995ECAE1AD8D1CD00D617A9 /* PBXContainerItemProxy */ = {
			isa = PBXContainerItemProxy;
			containerPortal = 2995EC871AD8D1CD00D617A9 /* Project object */;
			proxyType = 1;
			remoteGlobalIDString = 2995EC8E1AD8D1CD00D617A9;
			remoteInfo = game;
		};
/* End PBXContainerItemProxy section */

/* Begin PBXFileReference section */
		2995EC8F1AD8D1CD00D617A9 /* game.app */ = {isa = PBXFileReference; explicitFileType = wrapper.application; includeInIndex = 0; path = game.app; sourceTree = BUILT_PRODUCTS_DIR; };
		2995EC931AD8D1CD00D617A9 /* Info.plist */ = {isa = PBXFileReference; lastKnownFileType = text.plist.xml; path = Info.plist; sourceTree = "<group>"; };
		2995EC941AD8D1CD00D617A9 /* main.m */ = {isa = PBXFileReference; lastKnownFileType = sourcecode.c.objc; path = main.m; sourceTree = "<group>"; };
		2995EC961AD8D1CD00D617A9 /* AppDelegate.h */ = {isa = PBXFileReference; lastKnownFileType = sourcecode.c.h; path = AppDelegate.h; sourceTree = "<group>"; };
		2995EC971AD8D1CD00D617A9 /* AppDelegate.m */ = {isa = PBXFileReference; lastKnownFileType = sourcecode.c.objc; path = AppDelegate.m; sourceTree = "<group>"; };
		2995EC991AD8D1CD00D617A9 /* GameScene.h */ = {isa = PBXFileReference; lastKnownFileType = sourcecode.c.h; path = GameScene.h; sourceTree = "<group>"; };
		2995EC9A1AD8D1CD00D617A9 /* GameScene.m */ = {isa = PBXFileReference; lastKnownFileType = sourcecode.c.objc; path = GameScene.m; sourceTree = "<group>"; };
		2995EC9C1AD8D1CD00D617A9 /* GameScene.sks */ = {isa = PBXFileReference; lastKnownFileType = file.sks; path = GameScene.sks; sourceTree = "<group>"; };
		2995EC9E1AD8D1CD00D617A9 /* GameViewController.h */ = {isa = PBXFileReference; lastKnownFileType = sourcecode.c.h; path = GameViewController.h; sourceTree = "<group>"; };
		2995EC9F1AD8D1CD00D617A9 /* GameViewController.m */ = {isa = PBXFileReference; lastKnownFileType = sourcecode.c.objc; path = GameViewController.m; sourceTree = "<group>"; };
		2995ECA21AD8D1CD00D617A9 /* Base */ = {isa = PBXFileReference; lastKnownFileType = file.storyboard; name = Base; path = Base.lproj/Main.storyboard; sourceTree = "<group>"; };
		2995ECA41AD8D1CD00D617A9 /* Images.xcassets */ = {isa = PBXFileReference; lastKnownFileType = folder.assetcatalog; path = Images.xcassets; sourceTree = "<group>"; };
		2995ECA71AD8D1CD00D617A9 /* Base */ = {isa = PBXFileReference; lastKnownFileType = file.xib; name = Base; path = Base.lproj/LaunchScreen.xib; sourceTree = "<group>"; };
		2995ECAD1AD8D1CD00D617A9 /* gameTests.xctest */ = {isa = PBXFileReference; explicitFileType = wrapper.cfbundle; includeInIndex = 0; path = gameTests.xctest; sourceTree = BUILT_PRODUCTS_DIR; };
		2995ECB21AD8D1CD00D617A9 /* Info.plist */ = {isa = PBXFileReference; lastKnownFileType = text.plist.xml; path = Info.plist; sourceTree = "<group>"; };
		2995ECB31AD8D1CD00D617A9 /* gameTests.m */ = {isa = PBXFileReference; lastKnownFileType = sourcecode.c.objc; path = gameTests.m; sourceTree = "<group>"; };
		2995ECBF1AD8D6FB00D617A9 /* Player.h */ = {isa = PBXFileReference; fileEncoding = 4; lastKnownFileType = sourcecode.c.h; path = Player.h; sourceTree = "<group>"; };
		2995ECC01AD8D6FB00D617A9 /* Player.m */ = {isa = PBXFileReference; fileEncoding = 4; lastKnownFileType = sourcecode.c.objc; path = Player.m; sourceTree = "<group>"; };
		2995ECC21AD8D74900D617A9 /* Food.h */ = {isa = PBXFileReference; fileEncoding = 4; lastKnownFileType = sourcecode.c.h; path = Food.h; sourceTree = "<group>"; };
		2995ECC31AD8D74900D617A9 /* Food.m */ = {isa = PBXFileReference; fileEncoding = 4; lastKnownFileType = sourcecode.c.objc; path = Food.m; sourceTree = "<group>"; };
		2995ECC81AD8E1F900D617A9 /* Belt.h */ = {isa = PBXFileReference; fileEncoding = 4; lastKnownFileType = sourcecode.c.h; path = Belt.h; sourceTree = "<group>"; };
		2995ECC91AD8E1F900D617A9 /* Belt.m */ = {isa = PBXFileReference; fileEncoding = 4; lastKnownFileType = sourcecode.c.objc; path = Belt.m; sourceTree = "<group>"; };
		29D482861AD90CB00016372B /* human open.png */ = {isa = PBXFileReference; lastKnownFileType = image.png; path = "human open.png"; sourceTree = "<group>"; };
		29D482881AD90F6E0016372B /* human open2.png */ = {isa = PBXFileReference; lastKnownFileType = image.png; path = "human open2.png"; sourceTree = "<group>"; };
		29D4828A1AD932570016372B /* robot closed2.png */ = {isa = PBXFileReference; lastKnownFileType = image.png; path = "robot closed2.png"; sourceTree = "<group>"; };
		29D4828B1AD932570016372B /* tentacle closed2.png */ = {isa = PBXFileReference; lastKnownFileType = image.png; path = "tentacle closed2.png"; sourceTree = "<group>"; };
		29D4828C1AD932570016372B /* tentacle open2.png */ = {isa = PBXFileReference; lastKnownFileType = image.png; path = "tentacle open2.png"; sourceTree = "<group>"; };
		48F1DFE01AD91AA600E9D783 /* bomb.png */ = {isa = PBXFileReference; lastKnownFileType = image.png; path = bomb.png; sourceTree = "<group>"; };
		48F1DFE11AD91AA600E9D783 /* cake.png */ = {isa = PBXFileReference; lastKnownFileType = image.png; path = cake.png; sourceTree = "<group>"; };
		48F1DFE21AD91AA600E9D783 /* chips.png */ = {isa = PBXFileReference; lastKnownFileType = image.png; path = chips.png; sourceTree = "<group>"; };
		48F1DFE31AD91AA600E9D783 /* eat button.png */ = {isa = PBXFileReference; lastKnownFileType = image.png; path = "eat button.png"; sourceTree = "<group>"; };
		48F1DFE41AD91AA600E9D783 /* hot sauce.png */ = {isa = PBXFileReference; lastKnownFileType = image.png; path = "hot sauce.png"; sourceTree = "<group>"; };
		48F1DFE51AD91AA600E9D783 /* jalapeno.png */ = {isa = PBXFileReference; lastKnownFileType = image.png; path = jalapeno.png; sourceTree = "<group>"; };
		48F1DFE61AD91AA600E9D783 /* robot closed.png */ = {isa = PBXFileReference; lastKnownFileType = image.png; path = "robot closed.png"; sourceTree = "<group>"; };
		48F1DFE71AD91AA600E9D783 /* tentacle closed.png */ = {isa = PBXFileReference; lastKnownFileType = image.png; path = "tentacle closed.png"; sourceTree = "<group>"; };
		48F1DFE81AD91AA600E9D783 /* tentacle open.png */ = {isa = PBXFileReference; lastKnownFileType = image.png; path = "tentacle open.png"; sourceTree = "<group>"; };
		48F1DFF21AD91DA500E9D783 /* swap 2 blue.png */ = {isa = PBXFileReference; lastKnownFileType = image.png; path = "swap 2 blue.png"; sourceTree = "<group>"; };
		48F1DFF31AD91DA500E9D783 /* swap button.png */ = {isa = PBXFileReference; lastKnownFileType = image.png; path = "swap button.png"; sourceTree = "<group>"; };
		48F1DFF61AD91E0200E9D783 /* eat button 2.png */ = {isa = PBXFileReference; lastKnownFileType = image.png; path = "eat button 2.png"; sourceTree = "<group>"; };
		48F1DFFC1AD948FB00E9D783 /* octoSlurp.mp3 */ = {isa = PBXFileReference; lastKnownFileType = audio.mp3; path = octoSlurp.mp3; sourceTree = "<group>"; };
		48F1DFFE1AD9491900E9D783 /* background 1.png */ = {isa = PBXFileReference; lastKnownFileType = image.png; path = "background 1.png"; sourceTree = "<group>"; };
		48F1E0001AD94DDC00E9D783 /* robot open.png */ = {isa = PBXFileReference; lastKnownFileType = image.png; path = "robot open.png"; sourceTree = "<group>"; };
		48F1E0011AD94DDC00E9D783 /* robot open2.png */ = {isa = PBXFileReference; lastKnownFileType = image.png; path = "robot open2.png"; sourceTree = "<group>"; };
		48F1E0041AD94EBE00E9D783 /* human closed.png */ = {isa = PBXFileReference; lastKnownFileType = image.png; path = "human closed.png"; sourceTree = "<group>"; };
		48F1E0051AD94EBE00E9D783 /* human closed2.png */ = {isa = PBXFileReference; lastKnownFileType = image.png; path = "human closed2.png"; sourceTree = "<group>"; };
		48F1E0081AD9532C00E9D783 /* roboCrunch.mp3 */ = {isa = PBXFileReference; lastKnownFileType = audio.mp3; path = roboCrunch.mp3; sourceTree = "<group>"; };
		48F1E00A1AD9547100E9D783 /* BGM.mp3 */ = {isa = PBXFileReference; lastKnownFileType = audio.mp3; path = BGM.mp3; sourceTree = "<group>"; };
/* End PBXFileReference section */

/* Begin PBXFrameworksBuildPhase section */
		2995EC8C1AD8D1CD00D617A9 /* Frameworks */ = {
			isa = PBXFrameworksBuildPhase;
			buildActionMask = 2147483647;
			files = (
			);
			runOnlyForDeploymentPostprocessing = 0;
		};
		2995ECAA1AD8D1CD00D617A9 /* Frameworks */ = {
			isa = PBXFrameworksBuildPhase;
			buildActionMask = 2147483647;
			files = (
			);
			runOnlyForDeploymentPostprocessing = 0;
		};
/* End PBXFrameworksBuildPhase section */

/* Begin PBXGroup section */
		2995EC861AD8D1CD00D617A9 = {
			isa = PBXGroup;
			children = (
				2995EC911AD8D1CD00D617A9 /* game */,
				2995ECB01AD8D1CD00D617A9 /* gameTests */,
				2995EC901AD8D1CD00D617A9 /* Products */,
			);
			sourceTree = "<group>";
		};
		2995EC901AD8D1CD00D617A9 /* Products */ = {
			isa = PBXGroup;
			children = (
				2995EC8F1AD8D1CD00D617A9 /* game.app */,
				2995ECAD1AD8D1CD00D617A9 /* gameTests.xctest */,
			);
			name = Products;
			sourceTree = "<group>";
		};
		2995EC911AD8D1CD00D617A9 /* game */ = {
			isa = PBXGroup;
			children = (
				29D482851AD90C9E0016372B /* Images */,
				2995EC961AD8D1CD00D617A9 /* AppDelegate.h */,
				2995EC971AD8D1CD00D617A9 /* AppDelegate.m */,
				2995EC991AD8D1CD00D617A9 /* GameScene.h */,
				2995EC9A1AD8D1CD00D617A9 /* GameScene.m */,
				48F1E00A1AD9547100E9D783 /* BGM.mp3 */,
				48F1E0081AD9532C00E9D783 /* roboCrunch.mp3 */,
				48F1DFFC1AD948FB00E9D783 /* octoSlurp.mp3 */,
				2995EC9C1AD8D1CD00D617A9 /* GameScene.sks */,
				2995EC9E1AD8D1CD00D617A9 /* GameViewController.h */,
				2995EC9F1AD8D1CD00D617A9 /* GameViewController.m */,
				2995ECA11AD8D1CD00D617A9 /* Main.storyboard */,
				2995ECA41AD8D1CD00D617A9 /* Images.xcassets */,
				2995ECA61AD8D1CD00D617A9 /* LaunchScreen.xib */,
				2995ECBF1AD8D6FB00D617A9 /* Player.h */,
				2995ECC01AD8D6FB00D617A9 /* Player.m */,
				2995ECC21AD8D74900D617A9 /* Food.h */,
				2995ECC31AD8D74900D617A9 /* Food.m */,
				2995ECC81AD8E1F900D617A9 /* Belt.h */,
				2995ECC91AD8E1F900D617A9 /* Belt.m */,
				2995EC921AD8D1CD00D617A9 /* Supporting Files */,
			);
			path = game;
			sourceTree = "<group>";
		};
		2995EC921AD8D1CD00D617A9 /* Supporting Files */ = {
			isa = PBXGroup;
			children = (
				2995EC931AD8D1CD00D617A9 /* Info.plist */,
				2995EC941AD8D1CD00D617A9 /* main.m */,
			);
			name = "Supporting Files";
			sourceTree = "<group>";
		};
		2995ECB01AD8D1CD00D617A9 /* gameTests */ = {
			isa = PBXGroup;
			children = (
				2995ECB31AD8D1CD00D617A9 /* gameTests.m */,
				2995ECB11AD8D1CD00D617A9 /* Supporting Files */,
			);
			path = gameTests;
			sourceTree = "<group>";
		};
		2995ECB11AD8D1CD00D617A9 /* Supporting Files */ = {
			isa = PBXGroup;
			children = (
				2995ECB21AD8D1CD00D617A9 /* Info.plist */,
			);
			name = "Supporting Files";
			sourceTree = "<group>";
		};
		29D482851AD90C9E0016372B /* Images */ = {
			isa = PBXGroup;
			children = (
				29D4828A1AD932570016372B /* robot closed2.png */,
				29D4828B1AD932570016372B /* tentacle closed2.png */,
				29D4828C1AD932570016372B /* tentacle open2.png */,
				48F1DFF61AD91E0200E9D783 /* eat button 2.png */,
				48F1DFF21AD91DA500E9D783 /* swap 2 blue.png */,
				48F1DFF31AD91DA500E9D783 /* swap button.png */,
				48F1E0051AD94EBE00E9D783 /* human closed2.png */,
				48F1E0001AD94DDC00E9D783 /* robot open.png */,
				48F1E0011AD94DDC00E9D783 /* robot open2.png */,
				48F1DFFE1AD9491900E9D783 /* background 1.png */,
				48F1DFE01AD91AA600E9D783 /* bomb.png */,
				48F1E0041AD94EBE00E9D783 /* human closed.png */,
				48F1DFE11AD91AA600E9D783 /* cake.png */,
				48F1DFE21AD91AA600E9D783 /* chips.png */,
				48F1DFE31AD91AA600E9D783 /* eat button.png */,
				48F1DFE41AD91AA600E9D783 /* hot sauce.png */,
				48F1DFE51AD91AA600E9D783 /* jalapeno.png */,
				48F1DFE61AD91AA600E9D783 /* robot closed.png */,
				48F1DFE71AD91AA600E9D783 /* tentacle closed.png */,
				48F1DFE81AD91AA600E9D783 /* tentacle open.png */,
				29D482881AD90F6E0016372B /* human open2.png */,
				29D482861AD90CB00016372B /* human open.png */,
			);
			name = Images;
			sourceTree = "<group>";
		};
/* End PBXGroup section */

/* Begin PBXNativeTarget section */
		2995EC8E1AD8D1CD00D617A9 /* game */ = {
			isa = PBXNativeTarget;
			buildConfigurationList = 2995ECB71AD8D1CD00D617A9 /* Build configuration list for PBXNativeTarget "game" */;
			buildPhases = (
				2995EC8B1AD8D1CD00D617A9 /* Sources */,
				2995EC8C1AD8D1CD00D617A9 /* Frameworks */,
				2995EC8D1AD8D1CD00D617A9 /* Resources */,
			);
			buildRules = (
			);
			dependencies = (
			);
			name = game;
			productName = game;
			productReference = 2995EC8F1AD8D1CD00D617A9 /* game.app */;
			productType = "com.apple.product-type.application";
		};
		2995ECAC1AD8D1CD00D617A9 /* gameTests */ = {
			isa = PBXNativeTarget;
			buildConfigurationList = 2995ECBA1AD8D1CD00D617A9 /* Build configuration list for PBXNativeTarget "gameTests" */;
			buildPhases = (
				2995ECA91AD8D1CD00D617A9 /* Sources */,
				2995ECAA1AD8D1CD00D617A9 /* Frameworks */,
				2995ECAB1AD8D1CD00D617A9 /* Resources */,
			);
			buildRules = (
			);
			dependencies = (
				2995ECAF1AD8D1CD00D617A9 /* PBXTargetDependency */,
			);
			name = gameTests;
			productName = gameTests;
			productReference = 2995ECAD1AD8D1CD00D617A9 /* gameTests.xctest */;
			productType = "com.apple.product-type.bundle.unit-test";
		};
/* End PBXNativeTarget section */

/* Begin PBXProject section */
		2995EC871AD8D1CD00D617A9 /* Project object */ = {
			isa = PBXProject;
			attributes = {
				LastUpgradeCheck = 0630;
				ORGANIZATIONNAME = "ANGELA ZHOU";
				TargetAttributes = {
					2995EC8E1AD8D1CD00D617A9 = {
						CreatedOnToolsVersion = 6.3;
					};
					2995ECAC1AD8D1CD00D617A9 = {
						CreatedOnToolsVersion = 6.3;
						TestTargetID = 2995EC8E1AD8D1CD00D617A9;
					};
				};
			};
			buildConfigurationList = 2995EC8A1AD8D1CD00D617A9 /* Build configuration list for PBXProject "game" */;
			compatibilityVersion = "Xcode 3.2";
			developmentRegion = English;
			hasScannedForEncodings = 0;
			knownRegions = (
				en,
				Base,
			);
			mainGroup = 2995EC861AD8D1CD00D617A9;
			productRefGroup = 2995EC901AD8D1CD00D617A9 /* Products */;
			projectDirPath = "";
			projectRoot = "";
			targets = (
				2995EC8E1AD8D1CD00D617A9 /* game */,
				2995ECAC1AD8D1CD00D617A9 /* gameTests */,
			);
		};
/* End PBXProject section */

/* Begin PBXResourcesBuildPhase section */
		2995EC8D1AD8D1CD00D617A9 /* Resources */ = {
			isa = PBXResourcesBuildPhase;
			buildActionMask = 2147483647;
			files = (
				48F1DFFD1AD948FB00E9D783 /* octoSlurp.mp3 in Resources */,
				48F1DFED1AD91AA600E9D783 /* hot sauce.png in Resources */,
				29D4828D1AD932570016372B /* robot closed2.png in Resources */,
				48F1DFEF1AD91AA600E9D783 /* robot closed.png in Resources */,
				29D4828E1AD932570016372B /* tentacle closed2.png in Resources */,
				48F1E0091AD9532C00E9D783 /* roboCrunch.mp3 in Resources */,
				48F1DFEE1AD91AA600E9D783 /* jalapeno.png in Resources */,
				48F1DFEB1AD91AA600E9D783 /* chips.png in Resources */,
				48F1DFF51AD91DA500E9D783 /* swap button.png in Resources */,
				48F1DFF71AD91E0200E9D783 /* eat button 2.png in Resources */,
				48F1E0021AD94DDC00E9D783 /* robot open.png in Resources */,
				48F1DFEC1AD91AA600E9D783 /* eat button.png in Resources */,
				48F1E0071AD94EBE00E9D783 /* human closed2.png in Resources */,
				48F1DFE91AD91AA600E9D783 /* bomb.png in Resources */,
				2995ECA81AD8D1CD00D617A9 /* LaunchScreen.xib in Resources */,
				48F1DFFF1AD9491900E9D783 /* background 1.png in Resources */,
				48F1E00B1AD9547100E9D783 /* BGM.mp3 in Resources */,
				48F1DFF41AD91DA500E9D783 /* swap 2 blue.png in Resources */,
				29D4828F1AD932570016372B /* tentacle open2.png in Resources */,
				29D482871AD90CB00016372B /* human open.png in Resources */,
				2995ECA51AD8D1CD00D617A9 /* Images.xcassets in Resources */,
				2995EC9D1AD8D1CD00D617A9 /* GameScene.sks in Resources */,
				48F1DFF01AD91AA600E9D783 /* tentacle closed.png in Resources */,
				48F1E0031AD94DDC00E9D783 /* robot open2.png in Resources */,
				2995ECA31AD8D1CD00D617A9 /* Main.storyboard in Resources */,
				48F1E0061AD94EBE00E9D783 /* human closed.png in Resources */,
				29D482891AD90F6E0016372B /* human open2.png in Resources */,
				48F1DFEA1AD91AA600E9D783 /* cake.png in Resources */,
				48F1DFF11AD91AA600E9D783 /* tentacle open.png in Resources */,
			);
			runOnlyForDeploymentPostprocessing = 0;
		};
		2995ECAB1AD8D1CD00D617A9 /* Resources */ = {
			isa = PBXResourcesBuildPhase;
			buildActionMask = 2147483647;
			files = (
			);
			runOnlyForDeploymentPostprocessing = 0;
		};
/* End PBXResourcesBuildPhase section */

/* Begin PBXSourcesBuildPhase section */
		2995EC8B1AD8D1CD00D617A9 /* Sources */ = {
			isa = PBXSourcesBuildPhase;
			buildActionMask = 2147483647;
			files = (
				2995ECA01AD8D1CD00D617A9 /* GameViewController.m in Sources */,
				2995ECCA1AD8E1F900D617A9 /* Belt.m in Sources */,
				2995EC981AD8D1CD00D617A9 /* AppDelegate.m in Sources */,
				2995EC9B1AD8D1CD00D617A9 /* GameScene.m in Sources */,
				2995ECC41AD8D74900D617A9 /* Food.m in Sources */,
				2995EC951AD8D1CD00D617A9 /* main.m in Sources */,
				2995ECC11AD8D6FB00D617A9 /* Player.m in Sources */,
			);
			runOnlyForDeploymentPostprocessing = 0;
		};
		2995ECA91AD8D1CD00D617A9 /* Sources */ = {
			isa = PBXSourcesBuildPhase;
			buildActionMask = 2147483647;
			files = (
				2995ECB41AD8D1CD00D617A9 /* gameTests.m in Sources */,
			);
			runOnlyForDeploymentPostprocessing = 0;
		};
/* End PBXSourcesBuildPhase section */

/* Begin PBXTargetDependency section */
		2995ECAF1AD8D1CD00D617A9 /* PBXTargetDependency */ = {
			isa = PBXTargetDependency;
			target = 2995EC8E1AD8D1CD00D617A9 /* game */;
			targetProxy = 2995ECAE1AD8D1CD00D617A9 /* PBXContainerItemProxy */;
		};
/* End PBXTargetDependency section */

/* Begin PBXVariantGroup section */
		2995ECA11AD8D1CD00D617A9 /* Main.storyboard */ = {
			isa = PBXVariantGroup;
			children = (
				2995ECA21AD8D1CD00D617A9 /* Base */,
			);
			name = Main.storyboard;
			sourceTree = "<group>";
		};
		2995ECA61AD8D1CD00D617A9 /* LaunchScreen.xib */ = {
			isa = PBXVariantGroup;
			children = (
				2995ECA71AD8D1CD00D617A9 /* Base */,
			);
			name = LaunchScreen.xib;
			sourceTree = "<group>";
		};
/* End PBXVariantGroup section */

/* Begin XCBuildConfiguration section */
		2995ECB51AD8D1CD00D617A9 /* Debug */ = {
			isa = XCBuildConfiguration;
			buildSettings = {
				ALWAYS_SEARCH_USER_PATHS = NO;
				CLANG_CXX_LANGUAGE_STANDARD = "gnu++0x";
				CLANG_CXX_LIBRARY = "libc++";
				CLANG_ENABLE_MODULES = YES;
				CLANG_ENABLE_OBJC_ARC = YES;
				CLANG_WARN_BOOL_CONVERSION = YES;
				CLANG_WARN_CONSTANT_CONVERSION = YES;
				CLANG_WARN_DIRECT_OBJC_ISA_USAGE = YES_ERROR;
				CLANG_WARN_EMPTY_BODY = YES;
				CLANG_WARN_ENUM_CONVERSION = YES;
				CLANG_WARN_INT_CONVERSION = YES;
				CLANG_WARN_OBJC_ROOT_CLASS = YES_ERROR;
				CLANG_WARN_UNREACHABLE_CODE = YES;
				CLANG_WARN__DUPLICATE_METHOD_MATCH = YES;
				"CODE_SIGN_IDENTITY[sdk=iphoneos*]" = "iPhone Developer";
				COPY_PHASE_STRIP = NO;
				DEBUG_INFORMATION_FORMAT = "dwarf-with-dsym";
				ENABLE_STRICT_OBJC_MSGSEND = YES;
				GCC_C_LANGUAGE_STANDARD = gnu99;
				GCC_DYNAMIC_NO_PIC = NO;
				GCC_NO_COMMON_BLOCKS = YES;
				GCC_OPTIMIZATION_LEVEL = 0;
				GCC_PREPROCESSOR_DEFINITIONS = (
					"DEBUG=1",
					"$(inherited)",
				);
				GCC_SYMBOLS_PRIVATE_EXTERN = NO;
				GCC_WARN_64_TO_32_BIT_CONVERSION = YES;
				GCC_WARN_ABOUT_RETURN_TYPE = YES_ERROR;
				GCC_WARN_UNDECLARED_SELECTOR = YES;
				GCC_WARN_UNINITIALIZED_AUTOS = YES_AGGRESSIVE;
				GCC_WARN_UNUSED_FUNCTION = YES;
				GCC_WARN_UNUSED_VARIABLE = YES;
				IPHONEOS_DEPLOYMENT_TARGET = 8.3;
				MTL_ENABLE_DEBUG_INFO = YES;
				ONLY_ACTIVE_ARCH = YES;
				SDKROOT = iphoneos;
				TARGETED_DEVICE_FAMILY = 2;
			};
			name = Debug;
		};
		2995ECB61AD8D1CD00D617A9 /* Release */ = {
			isa = XCBuildConfiguration;
			buildSettings = {
				ALWAYS_SEARCH_USER_PATHS = NO;
				CLANG_CXX_LANGUAGE_STANDARD = "gnu++0x";
				CLANG_CXX_LIBRARY = "libc++";
				CLANG_ENABLE_MODULES = YES;
				CLANG_ENABLE_OBJC_ARC = YES;
				CLANG_WARN_BOOL_CONVERSION = YES;
				CLANG_WARN_CONSTANT_CONVERSION = YES;
				CLANG_WARN_DIRECT_OBJC_ISA_USAGE = YES_ERROR;
				CLANG_WARN_EMPTY_BODY = YES;
				CLANG_WARN_ENUM_CONVERSION = YES;
				CLANG_WARN_INT_CONVERSION = YES;
				CLANG_WARN_OBJC_ROOT_CLASS = YES_ERROR;
				CLANG_WARN_UNREACHABLE_CODE = YES;
				CLANG_WARN__DUPLICATE_METHOD_MATCH = YES;
				"CODE_SIGN_IDENTITY[sdk=iphoneos*]" = "iPhone Developer";
				COPY_PHASE_STRIP = NO;
				DEBUG_INFORMATION_FORMAT = "dwarf-with-dsym";
				ENABLE_NS_ASSERTIONS = NO;
				ENABLE_STRICT_OBJC_MSGSEND = YES;
				GCC_C_LANGUAGE_STANDARD = gnu99;
				GCC_NO_COMMON_BLOCKS = YES;
				GCC_WARN_64_TO_32_BIT_CONVERSION = YES;
				GCC_WARN_ABOUT_RETURN_TYPE = YES_ERROR;
				GCC_WARN_UNDECLARED_SELECTOR = YES;
				GCC_WARN_UNINITIALIZED_AUTOS = YES_AGGRESSIVE;
				GCC_WARN_UNUSED_FUNCTION = YES;
				GCC_WARN_UNUSED_VARIABLE = YES;
				IPHONEOS_DEPLOYMENT_TARGET = 8.3;
				MTL_ENABLE_DEBUG_INFO = NO;
				SDKROOT = iphoneos;
				TARGETED_DEVICE_FAMILY = 2;
				VALIDATE_PRODUCT = YES;
			};
			name = Release;
		};
		2995ECB81AD8D1CD00D617A9 /* Debug */ = {
			isa = XCBuildConfiguration;
			buildSettings = {
				ASSETCATALOG_COMPILER_APPICON_NAME = AppIcon;
				INFOPLIST_FILE = game/Info.plist;
				LD_RUNPATH_SEARCH_PATHS = "$(inherited) @executable_path/Frameworks";
				PRODUCT_NAME = "$(TARGET_NAME)";
			};
			name = Debug;
		};
		2995ECB91AD8D1CD00D617A9 /* Release */ = {
			isa = XCBuildConfiguration;
			buildSettings = {
				ASSETCATALOG_COMPILER_APPICON_NAME = AppIcon;
				INFOPLIST_FILE = game/Info.plist;
				LD_RUNPATH_SEARCH_PATHS = "$(inherited) @executable_path/Frameworks";
				PRODUCT_NAME = "$(TARGET_NAME)";
			};
			name = Release;
		};
		2995ECBB1AD8D1CD00D617A9 /* Debug */ = {
			isa = XCBuildConfiguration;
			buildSettings = {
				BUNDLE_LOADER = "$(TEST_HOST)";
				FRAMEWORK_SEARCH_PATHS = (
					"$(SDKROOT)/Developer/Library/Frameworks",
					"$(inherited)",
				);
				GCC_PREPROCESSOR_DEFINITIONS = (
					"DEBUG=1",
					"$(inherited)",
				);
				INFOPLIST_FILE = gameTests/Info.plist;
				LD_RUNPATH_SEARCH_PATHS = "$(inherited) @executable_path/Frameworks @loader_path/Frameworks";
				PRODUCT_NAME = "$(TARGET_NAME)";
				TEST_HOST = "$(BUILT_PRODUCTS_DIR)/game.app/game";
			};
			name = Debug;
		};
		2995ECBC1AD8D1CD00D617A9 /* Release */ = {
			isa = XCBuildConfiguration;
			buildSettings = {
				BUNDLE_LOADER = "$(TEST_HOST)";
				FRAMEWORK_SEARCH_PATHS = (
					"$(SDKROOT)/Developer/Library/Frameworks",
					"$(inherited)",
				);
				INFOPLIST_FILE = gameTests/Info.plist;
				LD_RUNPATH_SEARCH_PATHS = "$(inherited) @executable_path/Frameworks @loader_path/Frameworks";
				PRODUCT_NAME = "$(TARGET_NAME)";
				TEST_HOST = "$(BUILT_PRODUCTS_DIR)/game.app/game";
			};
			name = Release;
		};
/* End XCBuildConfiguration section */

/* Begin XCConfigurationList section */
		2995EC8A1AD8D1CD00D617A9 /* Build configuration list for PBXProject "game" */ = {
			isa = XCConfigurationList;
			buildConfigurations = (
				2995ECB51AD8D1CD00D617A9 /* Debug */,
				2995ECB61AD8D1CD00D617A9 /* Release */,
			);
			defaultConfigurationIsVisible = 0;
			defaultConfigurationName = Release;
		};
		2995ECB71AD8D1CD00D617A9 /* Build configuration list for PBXNativeTarget "game" */ = {
			isa = XCConfigurationList;
			buildConfigurations = (
				2995ECB81AD8D1CD00D617A9 /* Debug */,
				2995ECB91AD8D1CD00D617A9 /* Release */,
			);
			defaultConfigurationIsVisible = 0;
			defaultConfigurationName = Release;
		};
		2995ECBA1AD8D1CD00D617A9 /* Build configuration list for PBXNativeTarget "gameTests" */ = {
			isa = XCConfigurationList;
			buildConfigurations = (
				2995ECBB1AD8D1CD00D617A9 /* Debug */,
				2995ECBC1AD8D1CD00D617A9 /* Release */,
			);
			defaultConfigurationIsVisible = 0;
			defaultConfigurationName = Release;
		};
/* End XCConfigurationList section */
	};
	rootObject = 2995EC871AD8D1CD00D617A9 /* Project object */;
}
